# THIS IS AN AUTOGENERATED FILE. DO NOT EDIT THIS FILE DIRECTLY.
# yarn lockfile v1


"@octokit/auth-app@^7.1.0":
  version "7.1.0"
  resolved "https://registry.npmjs.org/@octokit/auth-app/-/auth-app-7.1.0.tgz"
  integrity sha512-cazGaJPSgeZ8NkVYeM/C5l/6IQ5vZnsI8p1aMucadCkt/bndI+q+VqwrlnWbASRmenjOkf1t1RpCKrif53U8gw==
  dependencies:
    "@octokit/auth-oauth-app" "^8.1.0"
    "@octokit/auth-oauth-user" "^5.1.0"
    "@octokit/request" "^9.1.1"
    "@octokit/request-error" "^6.1.1"
    "@octokit/types" "^13.4.1"
    lru-cache "^10.0.0"
    universal-github-app-jwt "^2.2.0"
    universal-user-agent "^7.0.0"

"@octokit/auth-oauth-app@^8.1.0":
  version "8.1.1"
  resolved "https://registry.npmjs.org/@octokit/auth-oauth-app/-/auth-oauth-app-8.1.1.tgz"
  integrity sha512-5UtmxXAvU2wfcHIPPDWzVSAWXVJzG3NWsxb7zCFplCWEmMCArSZV0UQu5jw5goLQXbFyOr5onzEH37UJB3zQQg==
  dependencies:
    "@octokit/auth-oauth-device" "^7.0.0"
    "@octokit/auth-oauth-user" "^5.0.1"
    "@octokit/request" "^9.0.0"
    "@octokit/types" "^13.0.0"
    universal-user-agent "^7.0.0"

"@octokit/auth-oauth-device@^7.0.0", "@octokit/auth-oauth-device@^7.0.1":
  version "7.1.1"
  resolved "https://registry.npmjs.org/@octokit/auth-oauth-device/-/auth-oauth-device-7.1.1.tgz"
  integrity sha512-HWl8lYueHonuyjrKKIup/1tiy0xcmQCdq5ikvMO1YwkNNkxb6DXfrPjrMYItNLyCP/o2H87WuijuE+SlBTT8eg==
  dependencies:
    "@octokit/oauth-methods" "^5.0.0"
    "@octokit/request" "^9.0.0"
    "@octokit/types" "^13.0.0"
    universal-user-agent "^7.0.0"

"@octokit/auth-oauth-user@^5.0.1", "@octokit/auth-oauth-user@^5.1.0":
  version "5.1.1"
  resolved "https://registry.npmjs.org/@octokit/auth-oauth-user/-/auth-oauth-user-5.1.1.tgz"
  integrity sha512-rRkMz0ErOppdvEfnemHJXgZ9vTPhBuC6yASeFaB7I2yLMd7QpjfrL1mnvRPlyKo+M6eeLxrKanXJ9Qte29SRsw==
  dependencies:
    "@octokit/auth-oauth-device" "^7.0.1"
    "@octokit/oauth-methods" "^5.0.0"
    "@octokit/request" "^9.0.1"
    "@octokit/types" "^13.0.0"
    universal-user-agent "^7.0.0"

"@octokit/auth-token@^5.0.0":
  version "5.1.1"
  resolved "https://registry.npmjs.org/@octokit/auth-token/-/auth-token-5.1.1.tgz"
  integrity sha512-rh3G3wDO8J9wSjfI436JUKzHIxq8NaiL0tVeB2aXmG6p/9859aUOAjA9pmSPNGGZxfwmaJ9ozOJImuNVJdpvbA==

"@octokit/core@^6.1.2", "@octokit/core@>=6":
  version "6.1.2"
  resolved "https://registry.npmjs.org/@octokit/core/-/core-6.1.2.tgz"
  integrity sha512-hEb7Ma4cGJGEUNOAVmyfdB/3WirWMg5hDuNFVejGEDFqupeOysLc2sG6HJxY2etBp5YQu5Wtxwi020jS9xlUwg==
  dependencies:
    "@octokit/auth-token" "^5.0.0"
    "@octokit/graphql" "^8.0.0"
    "@octokit/request" "^9.0.0"
    "@octokit/request-error" "^6.0.1"
    "@octokit/types" "^13.0.0"
    before-after-hook "^3.0.2"
    universal-user-agent "^7.0.0"

"@octokit/endpoint@^10.0.0":
  version "10.1.1"
  resolved "https://registry.npmjs.org/@octokit/endpoint/-/endpoint-10.1.1.tgz"
  integrity sha512-JYjh5rMOwXMJyUpj028cu0Gbp7qe/ihxfJMLc8VZBMMqSwLgOxDI1911gV4Enl1QSavAQNJcwmwBF9M0VvLh6Q==
  dependencies:
    "@octokit/types" "^13.0.0"
    universal-user-agent "^7.0.2"

"@octokit/graphql@^8.0.0":
  version "8.1.1"
  resolved "https://registry.npmjs.org/@octokit/graphql/-/graphql-8.1.1.tgz"
  integrity sha512-ukiRmuHTi6ebQx/HFRCXKbDlOh/7xEV6QUXaE7MJEKGNAncGI/STSbOkl12qVXZrfZdpXctx5O9X1AIaebiDBg==
  dependencies:
    "@octokit/request" "^9.0.0"
    "@octokit/types" "^13.0.0"
    universal-user-agent "^7.0.0"

"@octokit/oauth-authorization-url@^7.0.0":
  version "7.1.1"
  resolved "https://registry.npmjs.org/@octokit/oauth-authorization-url/-/oauth-authorization-url-7.1.1.tgz"
  integrity sha512-ooXV8GBSabSWyhLUowlMIVd9l1s2nsOGQdlP2SQ4LnkEsGXzeCvbSbCPdZThXhEFzleGPwbapT0Sb+YhXRyjCA==

"@octokit/oauth-methods@^5.0.0":
  version "5.1.2"
  resolved "https://registry.npmjs.org/@octokit/oauth-methods/-/oauth-methods-5.1.2.tgz"
  integrity sha512-C5lglRD+sBlbrhCUTxgJAFjWgJlmTx5bQ7Ch0+2uqRjYv7Cfb5xpX4WuSC9UgQna3sqRGBL9EImX9PvTpMaQ7g==
  dependencies:
    "@octokit/oauth-authorization-url" "^7.0.0"
    "@octokit/request" "^9.1.0"
    "@octokit/request-error" "^6.1.0"
    "@octokit/types" "^13.0.0"

"@octokit/openapi-types@^22.2.0":
  version "22.2.0"
  resolved "https://registry.npmjs.org/@octokit/openapi-types/-/openapi-types-22.2.0.tgz"
  integrity sha512-QBhVjcUa9W7Wwhm6DBFu6ZZ+1/t/oYxqc2tp81Pi41YNuJinbFRx8B133qVOrAaBbF7D/m0Et6f9/pZt9Rc+tg==

"@octokit/plugin-paginate-rest@^11.0.0":
  version "11.3.3"
  resolved "https://registry.npmjs.org/@octokit/plugin-paginate-rest/-/plugin-paginate-rest-11.3.3.tgz"
  integrity sha512-o4WRoOJZlKqEEgj+i9CpcmnByvtzoUYC6I8PD2SA95M+BJ2x8h7oLcVOg9qcowWXBOdcTRsMZiwvM3EyLm9AfA==
  dependencies:
    "@octokit/types" "^13.5.0"

"@octokit/plugin-request-log@^5.3.1":
  version "5.3.1"
  resolved "https://registry.npmjs.org/@octokit/plugin-request-log/-/plugin-request-log-5.3.1.tgz"
  integrity sha512-n/lNeCtq+9ofhC15xzmJCNKP2BWTv8Ih2TTy+jatNCCq/gQP/V7rK3fjIfuz0pDWDALO/o/4QY4hyOF6TQQFUw==

"@octokit/plugin-rest-endpoint-methods@^13.0.0":
  version "13.2.4"
  resolved "https://registry.npmjs.org/@octokit/plugin-rest-endpoint-methods/-/plugin-rest-endpoint-methods-13.2.4.tgz"
  integrity sha512-gusyAVgTrPiuXOdfqOySMDztQHv6928PQ3E4dqVGEtOvRXAKRbJR4b1zQyniIT9waqaWk/UDaoJ2dyPr7Bk7Iw==
  dependencies:
    "@octokit/types" "^13.5.0"

"@octokit/request-error@^6.0.1", "@octokit/request-error@^6.1.0", "@octokit/request-error@^6.1.1":
  version "6.1.4"
  resolved "https://registry.npmjs.org/@octokit/request-error/-/request-error-6.1.4.tgz"
  integrity sha512-VpAhIUxwhWZQImo/dWAN/NpPqqojR6PSLgLYAituLM6U+ddx9hCioFGwBr5Mi+oi5CLeJkcAs3gJ0PYYzU6wUg==
  dependencies:
    "@octokit/types" "^13.0.0"

"@octokit/request@^9.0.0", "@octokit/request@^9.0.1", "@octokit/request@^9.1.0", "@octokit/request@^9.1.1":
  version "9.1.3"
  resolved "https://registry.npmjs.org/@octokit/request/-/request-9.1.3.tgz"
  integrity sha512-V+TFhu5fdF3K58rs1pGUJIDH5RZLbZm5BI+MNF+6o/ssFNT4vWlCh/tVpF3NxGtP15HUxTTMUbsG5llAuU2CZA==
  dependencies:
    "@octokit/endpoint" "^10.0.0"
    "@octokit/request-error" "^6.0.1"
    "@octokit/types" "^13.1.0"
    universal-user-agent "^7.0.2"

"@octokit/rest@^21.0.1":
  version "21.0.1"
  resolved "https://registry.npmjs.org/@octokit/rest/-/rest-21.0.1.tgz"
  integrity sha512-RWA6YU4CqK0h0J6tfYlUFnH3+YgBADlxaHXaKSG+BVr2y4PTfbU2tlKuaQoQZ83qaTbi4CUxLNAmbAqR93A6mQ==
  dependencies:
    "@octokit/core" "^6.1.2"
    "@octokit/plugin-paginate-rest" "^11.0.0"
    "@octokit/plugin-request-log" "^5.3.1"
    "@octokit/plugin-rest-endpoint-methods" "^13.0.0"

"@octokit/types@^13.0.0", "@octokit/types@^13.1.0", "@octokit/types@^13.4.1", "@octokit/types@^13.5.0":
  version "13.5.0"
  resolved "https://registry.npmjs.org/@octokit/types/-/types-13.5.0.tgz"
  integrity sha512-HdqWTf5Z3qwDVlzCrP8UJquMwunpDiMPt5er+QjGzL4hqr/vBVY/MauQgS1xWxCDT1oMx1EULyqxncdCY/NVSQ==
  dependencies:
    "@octokit/openapi-types" "^22.2.0"

before-after-hook@^3.0.2:
  version "3.0.2"
  resolved "https://registry.npmjs.org/before-after-hook/-/before-after-hook-3.0.2.tgz"
  integrity sha512-Nik3Sc0ncrMK4UUdXQmAnRtzmNQTAAXmXIopizwZ1W1t8QmfJj+zL4OA2I7XPTPW5z5TDqv4hRo/JzouDJnX3A==

csv-parse@^5.5.6:
  version "5.5.6"
  resolved "https://registry.npmjs.org/csv-parse/-/csv-parse-5.5.6.tgz"
  integrity sha512-uNpm30m/AGSkLxxy7d9yRXpJQFrZzVWLFBkS+6ngPcZkw/5k3L/jjFuj7tVnEpRn+QgmiXr21nDlhCiUK4ij2A==

lru-cache@^10.0.0:
  version "10.4.3"
  resolved "https://registry.npmjs.org/lru-cache/-/lru-cache-10.4.3.tgz"
  integrity sha512-JNAzZcXrCt42VGLuYz0zfAzDfAvJWW6AfYlDBQyDV5DClI2m5sAmK+OIO7s59XfsRsWHp02jAJrRadPRGTt6SQ==

universal-github-app-jwt@^2.2.0:
  version "2.2.0"
  resolved "https://registry.npmjs.org/universal-github-app-jwt/-/universal-github-app-jwt-2.2.0.tgz"
  integrity sha512-G5o6f95b5BggDGuUfKDApKaCgNYy2x7OdHY0zSMF081O0EJobw+1130VONhrA7ezGSV2FNOGyM+KQpQZAr9bIQ==

universal-user-agent@^7.0.0, universal-user-agent@^7.0.2:
  version "7.0.2"
  resolved "https://registry.npmjs.org/universal-user-agent/-/universal-user-agent-7.0.2.tgz"
  integrity sha512-0JCqzSKnStlRRQfCdowvqy3cy0Dvtlb8xecj/H8JFZuCze4rwjPZQOgvFvn0Ws/usCHQFGpyr+pB9adaGwXn4Q==
